// !$*UTF8*$!
{
	archiveVersion = 1;
	classes = {
	};
	objectVersion = 56;
	objects = {

/* Begin PBXBuildFile section */
		8458919F2CEDAC7E00D5B951 /* AppDelegate.swift in Sources */ = {isa = PBXBuildFile; fileRef = 8458919E2CEDAC7E00D5B951 /* AppDelegate.swift */; };
		845891A12CEDAC7E00D5B951 /* SceneDelegate.swift in Sources */ = {isa = PBXBuildFile; fileRef = 845891A02CEDAC7E00D5B951 /* SceneDelegate.swift */; };
		845891A32CEDAC7E00D5B951 /* ViewController.swift in Sources */ = {isa = PBXBuildFile; fileRef = 845891A22CEDAC7E00D5B951 /* ViewController.swift */; };
		845891A62CEDAC7E00D5B951 /* Base in Resources */ = {isa = PBXBuildFile; fileRef = 845891A52CEDAC7E00D5B951 /* Base */; };
		845891A92CEDAC7E00D5B951 /* CD_Practice.xcdatamodeld in Sources */ = {isa = PBXBuildFile; fileRef = 845891A72CEDAC7E00D5B951 /* CD_Practice.xcdatamodeld */; };
		845891AB2CEDAC8200D5B951 /* Assets.xcassets in Resources */ = {isa = PBXBuildFile; fileRef = 845891AA2CEDAC8200D5B951 /* Assets.xcassets */; };
		845891AE2CEDAC8200D5B951 /* Base in Resources */ = {isa = PBXBuildFile; fileRef = 845891AD2CEDAC8200D5B951 /* Base */; };
		845891B62CEDACA100D5B951 /* Jokemodel.swift in Sources */ = {isa = PBXBuildFile; fileRef = 845891B52CEDACA100D5B951 /* Jokemodel.swift */; };
/* End PBXBuildFile section */

/* Begin PBXFileReference section */
		8458919B2CEDAC7E00D5B951 /* CD_Practice.app */ = {isa = PBXFileReference; explicitFileType = wrapper.application; includeInIndex = 0; path = CD_Practice.app; sourceTree = BUILT_PRODUCTS_DIR; };
		8458919E2CEDAC7E00D5B951 /* AppDelegate.swift */ = {isa = PBXFileReference; lastKnownFileType = sourcecode.swift; path = AppDelegate.swift; sourceTree = "<group>"; };
		845891A02CEDAC7E00D5B951 /* SceneDelegate.swift */ = {isa = PBXFileReference; lastKnownFileType = sourcecode.swift; path = SceneDelegate.swift; sourceTree = "<group>"; };
		845891A22CEDAC7E00D5B951 /* ViewController.swift */ = {isa = PBXFileReference; lastKnownFileType = sourcecode.swift; path = ViewController.swift; sourceTree = "<group>"; };
		845891A52CEDAC7E00D5B951 /* Base */ = {isa = PBXFileReference; lastKnownFileType = file.storyboard; name = Base; path = Base.lproj/Main.storyboard; sourceTree = "<group>"; };
		845891A82CEDAC7E00D5B951 /* CD_Practice.xcdatamodel */ = {isa = PBXFileReference; lastKnownFileType = wrapper.xcdatamodel; path = CD_Practice.xcdatamodel; sourceTree = "<group>"; };
		845891AA2CEDAC8200D5B951 /* Assets.xcassets */ = {isa = PBXFileReference; lastKnownFileType = folder.assetcatalog; path = Assets.xcassets; sourceTree = "<group>"; };
		845891AD2CEDAC8200D5B951 /* Base */ = {isa = PBXFileReference; lastKnownFileType = file.storyboard; name = Base; path = Base.lproj/LaunchScreen.storyboard; sourceTree = "<group>"; };
		845891AF2CEDAC8200D5B951 /* Info.plist */ = {isa = PBXFileReference; lastKnownFileType = text.plist.xml; path = Info.plist; sourceTree = "<group>"; };
		845891B52CEDACA100D5B951 /* Jokemodel.swift */ = {isa = PBXFileReference; lastKnownFileType = sourcecode.swift; path = Jokemodel.swift; sourceTree = "<group>"; };
/* End PBXFileReference section */

/* Begin PBXFrameworksBuildPhase section */
		845891982CEDAC7E00D5B951 /* Frameworks */ = {
			isa = PBXFrameworksBuildPhase;
			buildActionMask = 2147483647;
			files = (
			);
			runOnlyForDeploymentPostprocessing = 0;
		};
/* End PBXFrameworksBuildPhase section */

/* Begin PBXGroup section */
		845891922CEDAC7E00D5B951 = {
			isa = PBXGroup;
			children = (
				845891B52CEDACA100D5B951 /* Jokemodel.swift */,
				8458919D2CEDAC7E00D5B951 /* CD_Practice */,
				8458919C2CEDAC7E00D5B951 /* Products */,
			);
			sourceTree = "<group>";
		};
		8458919C2CEDAC7E00D5B951 /* Products */ = {
			isa = PBXGroup;
			children = (
				8458919B2CEDAC7E00D5B951 /* CD_Practice.app */,
			);
			name = Products;
			sourceTree = "<group>";
		};
		8458919D2CEDAC7E00D5B951 /* CD_Practice */ = {
			isa = PBXGroup;
			children = (
				8458919E2CEDAC7E00D5B951 /* AppDelegate.swift */,
				845891A02CEDAC7E00D5B951 /* SceneDelegate.swift */,
				845891A22CEDAC7E00D5B951 /* ViewController.swift */,
				845891A42CEDAC7E00D5B951 /* Main.storyboard */,
				845891AA2CEDAC8200D5B951 /* Assets.xcassets */,
				845891AC2CEDAC8200D5B951 /* LaunchScreen.storyboard */,
				845891AF2CEDAC8200D5B951 /* Info.plist */,
				845891A72CEDAC7E00D5B951 /* CD_Practice.xcdatamodeld */,
			);
			path = CD_Practice;
			sourceTree = "<group>";
		};
/* End PBXGroup section */

/* Begin PBXNativeTarget section */
		8458919A2CEDAC7E00D5B951 /* CD_Practice */ = {
			isa = PBXNativeTarget;
			buildConfigurationList = 845891B22CEDAC8200D5B951 /* Build configuration list for PBXNativeTarget "CD_Practice" */;
			buildPhases = (
				845891972CEDAC7E00D5B951 /* Sources */,
				845891982CEDAC7E00D5B951 /* Frameworks */,
				845891992CEDAC7E00D5B951 /* Resources */,
			);
			buildRules = (
			);
			dependencies = (
			);
			name = CD_Practice;
			productName = CD_Practice;
			productReference = 8458919B2CEDAC7E00D5B951 /* CD_Practice.app */;
			productType = "com.apple.product-type.application";
		};
/* End PBXNativeTarget section */

/* Begin PBXProject section */
		845891932CEDAC7E00D5B951 /* Project object */ = {
			isa = PBXProject;
			attributes = {
				BuildIndependentTargetsInParallel = 1;
				LastSwiftUpdateCheck = 1540;
				LastUpgradeCheck = 1540;
				TargetAttributes = {
					8458919A2CEDAC7E00D5B951 = {
						CreatedOnToolsVersion = 15.4;
					};
				};
			};
			buildConfigurationList = 845891962CEDAC7E00D5B951 /* Build configuration list for PBXProject "CD_Practice" */;
			compatibilityVersion = "Xcode 14.0";
			developmentRegion = en;
			hasScannedForEncodings = 0;
			knownRegions = (
				en,
				Base,
			);
			mainGroup = 845891922CEDAC7E00D5B951;
			productRefGroup = 8458919C2CEDAC7E00D5B951 /* Products */;
			projectDirPath = "";
			projectRoot = "";
			targets = (
				8458919A2CEDAC7E00D5B951 /* CD_Practice */,
			);
		};
/* End PBXProject section */

/* Begin PBXResourcesBuildPhase section */
		845891992CEDAC7E00D5B951 /* Resources */ = {
			isa = PBXResourcesBuildPhase;
			buildActionMask = 2147483647;
			files = (
				845891AB2CEDAC8200D5B951 /* Assets.xcassets in Resources */,
				845891AE2CEDAC8200D5B951 /* Base in Resources */,
				845891A62CEDAC7E00D5B951 /* Base in Resources */,
			);
			runOnlyForDeploymentPostprocessing = 0;
		};
/* End PBXResourcesBuildPhase section */

/* Begin PBXSourcesBuildPhase section */
		845891972CEDAC7E00D5B951 /* Sources */ = {
			isa = PBXSourcesBuildPhase;
			buildActionMask = 2147483647;
			files = (
				845891A32CEDAC7E00D5B951 /* ViewController.swift in Sources */,
				845891A92CEDAC7E00D5B951 /* CD_Practice.xcdatamodeld in Sources */,
				845891B62CEDACA100D5B951 /* Jokemodel.swift in Sources */,
				8458919F2CEDAC7E00D5B951 /* AppDelegate.swift in Sources */,
				845891A12CEDAC7E00D5B951 /* SceneDelegate.swift in Sources */,
			);
			runOnlyForDeploymentPostprocessing = 0;
		};
/* End PBXSourcesBuildPhase section */

/* Begin PBXVariantGroup section */
		845891A42CEDAC7E00D5B951 /* Main.storyboard */ = {
			isa = PBXVariantGroup;
			children = (
				845891A52CEDAC7E00D5B951 /* Base */,
			);
			name = Main.storyboard;
			sourceTree = "<group>";
		};
		845891AC2CEDAC8200D5B951 /* LaunchScreen.storyboard */ = {
			isa = PBXVariantGroup;
			children = (
				845891AD2CEDAC8200D5B951 /* Base */,
			);
			name = LaunchScreen.storyboard;
			sourceTree = "<group>";
		};
/* End PBXVariantGroup section */

/* Begin XCBuildConfiguration section */
		845891B02CEDAC8200D5B951 /* Debug */ = {
			isa = XCBuildConfiguration;
			buildSettings = {
				ALWAYS_SEARCH_USER_PATHS = NO;
				ASSETCATALOG_COMPILER_GENERATE_SWIFT_ASSET_SYMBOL_EXTENSIONS = YES;
				CLANG_ANALYZER_NONNULL = YES;
				CLANG_ANALYZER_NUMBER_OBJECT_CONVERSION = YES_AGGRESSIVE;
				CLANG_CXX_LANGUAGE_STANDARD = "gnu++20";
				CLANG_ENABLE_MODULES = YES;
				CLANG_ENABLE_OBJC_ARC = YES;
				CLANG_ENABLE_OBJC_WEAK = YES;
				CLANG_WARN_BLOCK_CAPTURE_AUTORELEASING = YES;
				CLANG_WARN_BOOL_CONVERSION = YES;
				CLANG_WARN_COMMA = YES;
				CLANG_WARN_CONSTANT_CONVERSION = YES;
				CLANG_WARN_DEPRECATED_OBJC_IMPLEMENTATIONS = YES;
				CLANG_WARN_DIRECT_OBJC_ISA_USAGE = YES_ERROR;
				CLANG_WARN_DOCUMENTATION_COMMENTS = YES;
				CLANG_WARN_EMPTY_BODY = YES;
				CLANG_WARN_ENUM_CONVERSION = YES;
				CLANG_WARN_INFINITE_RECURSION = YES;
				CLANG_WARN_INT_CONVERSION = YES;
				CLANG_WARN_NON_LITERAL_NULL_CONVERSION = YES;
				CLANG_WARN_OBJC_IMPLICIT_RETAIN_SELF = YES;
				CLANG_WARN_OBJC_LITERAL_CONVERSION = YES;
				CLANG_WARN_OBJC_ROOT_CLASS = YES_ERROR;
				CLANG_WARN_QUOTED_INCLUDE_IN_FRAMEWORK_HEADER = YES;
				CLANG_WARN_RANGE_LOOP_ANALYSIS = YES;
				CLANG_WARN_STRICT_PROTOTYPES = YES;
				CLANG_WARN_SUSPICIOUS_MOVE = YES;
				CLANG_WARN_UNGUARDED_AVAILABILITY = YES_AGGRESSIVE;
				CLANG_WARN_UNREACHABLE_CODE = YES;
				CLANG_WARN__DUPLICATE_METHOD_MATCH = YES;
				COPY_PHASE_STRIP = NO;
				DEBUG_INFORMATION_FORMAT = dwarf;
				ENABLE_STRICT_OBJC_MSGSEND = YES;
				ENABLE_TESTABILITY = YES;
				ENABLE_USER_SCRIPT_SANDBOXING = YES;
				GCC_C_LANGUAGE_STANDARD = gnu17;
				GCC_DYNAMIC_NO_PIC = NO;
				GCC_NO_COMMON_BLOCKS = YES;
				GCC_OPTIMIZATION_LEVEL = 0;
				GCC_PREPROCESSOR_DEFINITIONS = (
					"DEBUG=1",
					"$(inherited)",
				);
				GCC_WARN_64_TO_32_BIT_CONVERSION = YES;
				GCC_WARN_ABOUT_RETURN_TYPE = YES_ERROR;
				GCC_WARN_UNDECLARED_SELECTOR = YES;
				GCC_WARN_UNINITIALIZED_AUTOS = YES_AGGRESSIVE;
				GCC_WARN_UNUSED_FUNCTION = YES;
				GCC_WARN_UNUSED_VARIABLE = YES;
				IPHONEOS_DEPLOYMENT_TARGET = 17.5;
				LOCALIZATION_PREFERS_STRING_CATALOGS = YES;
				MTL_ENABLE_DEBUG_INFO = INCLUDE_SOURCE;
				MTL_FAST_MATH = YES;
				ONLY_ACTIVE_ARCH = YES;
				SDKROOT = iphoneos;
				SWIFT_ACTIVE_COMPILATION_CONDITIONS = "DEBUG $(inherited)";
				SWIFT_OPTIMIZATION_LEVEL = "-Onone";
			};
			name = Debug;
		};
		845891B12CEDAC8200D5B951 /* Release */ = {
			isa = XCBuildConfiguration;
			buildSettings = {
				ALWAYS_SEARCH_USER_PATHS = NO;
				ASSETCATALOG_COMPILER_GENERATE_SWIFT_ASSET_SYMBOL_EXTENSIONS = YES;
				CLANG_ANALYZER_NONNULL = YES;
				CLANG_ANALYZER_NUMBER_OBJECT_CONVERSION = YES_AGGRESSIVE;
				CLANG_CXX_LANGUAGE_STANDARD = "gnu++20";
				CLANG_ENABLE_MODULES = YES;
				CLANG_ENABLE_OBJC_ARC = YES;
				CLANG_ENABLE_OBJC_WEAK = YES;
				CLANG_WARN_BLOCK_CAPTURE_AUTORELEASING = YES;
				CLANG_WARN_BOOL_CONVERSION = YES;
				CLANG_WARN_COMMA = YES;
				CLANG_WARN_CONSTANT_CONVERSION = YES;
				CLANG_WARN_DEPRECATED_OBJC_IMPLEMENTATIONS = YES;
				CLANG_WARN_DIRECT_OBJC_ISA_USAGE = YES_ERROR;
				CLANG_WARN_DOCUMENTATION_COMMENTS = YES;
				CLANG_WARN_EMPTY_BODY = YES;
				CLANG_WARN_ENUM_CONVERSION = YES;
				CLANG_WARN_INFINITE_RECURSION = YES;
				CLANG_WARN_INT_CONVERSION = YES;
				CLANG_WARN_NON_LITERAL_NULL_CONVERSION = YES;
				CLANG_WARN_OBJC_IMPLICIT_RETAIN_SELF = YES;
				CLANG_WARN_OBJC_LITERAL_CONVERSION = YES;
				CLANG_WARN_OBJC_ROOT_CLASS = YES_ERROR;
				CLANG_WARN_QUOTED_INCLUDE_IN_FRAMEWORK_HEADER = YES;
				CLANG_WARN_RANGE_LOOP_ANALYSIS = YES;
				CLANG_WARN_STRICT_PROTOTYPES = YES;
				CLANG_WARN_SUSPICIOUS_MOVE = YES;
				CLANG_WARN_UNGUARDED_AVAILABILITY = YES_AGGRESSIVE;
				CLANG_WARN_UNREACHABLE_CODE = YES;
				CLANG_WARN__DUPLICATE_METHOD_MATCH = YES;
				COPY_PHASE_STRIP = NO;
				DEBUG_INFORMATION_FORMAT = "dwarf-with-dsym";
				ENABLE_NS_ASSERTIONS = NO;
				ENABLE_STRICT_OBJC_MSGSEND = YES;
				ENABLE_USER_SCRIPT_SANDBOXING = YES;
				GCC_C_LANGUAGE_STANDARD = gnu17;
				GCC_NO_COMMON_BLOCKS = YES;
				GCC_WARN_64_TO_32_BIT_CONVERSION = YES;
				GCC_WARN_ABOUT_RETURN_TYPE = YES_ERROR;
				GCC_WARN_UNDECLARED_SELECTOR = YES;
				GCC_WARN_UNINITIALIZED_AUTOS = YES_AGGRESSIVE;
				GCC_WARN_UNUSED_FUNCTION = YES;
				GCC_WARN_UNUSED_VARIABLE = YES;
				IPHONEOS_DEPLOYMENT_TARGET = 17.5;
				LOCALIZATION_PREFERS_STRING_CATALOGS = YES;
				MTL_ENABLE_DEBUG_INFO = NO;
				MTL_FAST_MATH = YES;
				SDKROOT = iphoneos;
				SWIFT_COMPILATION_MODE = wholemodule;
				VALIDATE_PRODUCT = YES;
			};
			name = Release;
		};
		845891B32CEDAC8200D5B951 /* Debug */ = {
			isa = XCBuildConfiguration;
			buildSettings = {
				ASSETCATALOG_COMPILER_APPICON_NAME = AppIcon;
				ASSETCATALOG_COMPILER_GLOBAL_ACCENT_COLOR_NAME = AccentColor;
				CODE_SIGN_STYLE = Automatic;
				CURRENT_PROJECT_VERSION = 1;
				GENERATE_INFOPLIST_FILE = YES;
				INFOPLIST_FILE = CD_Practice/Info.plist;
				INFOPLIST_KEY_UIApplicationSupportsIndirectInputEvents = YES;
				INFOPLIST_KEY_UILaunchStoryboardName = LaunchScreen;
				INFOPLIST_KEY_UIMainStoryboardFile = Main;
				INFOPLIST_KEY_UISupportedInterfaceOrientations_iPad = "UIInterfaceOrientationPortrait UIInterfaceOrientationPortraitUpsideDown UIInterfaceOrientationLandscapeLeft UIInterfaceOrientationLandscapeRight";
				INFOPLIST_KEY_UISupportedInterfaceOrientations_iPhone = "UIInterfaceOrientationPortrait UIInterfaceOrientationLandscapeLeft UIInterfaceOrientationLandscapeRight";
				LD_RUNPATH_SEARCH_PATHS = (
					"$(inherited)",
					"@executable_path/Frameworks",
				);
				MARKETING_VERSION = 1.0;
				PRODUCT_BUNDLE_IDENTIFIER = "com.example.CD-Practice";
				PRODUCT_NAME = "$(TARGET_NAME)";
				SWIFT_EMIT_LOC_STRINGS = YES;
				SWIFT_VERSION = 5.0;
				TARGETED_DEVICE_FAMILY = "1,2";
			};
			name = Debug;
		};
		845891B42CEDAC8200D5B951 /* Release */ = {
			isa = XCBuildConfiguration;
			buildSettings = {
				ASSETCATALOG_COMPILER_APPICON_NAME = AppIcon;
				ASSETCATALOG_COMPILER_GLOBAL_ACCENT_COLOR_NAME = AccentColor;
				CODE_SIGN_STYLE = Automatic;
				CURRENT_PROJECT_VERSION = 1;
				GENERATE_INFOPLIST_FILE = YES;
				INFOPLIST_FILE = CD_Practice/Info.plist;
				INFOPLIST_KEY_UIApplicationSupportsIndirectInputEvents = YES;
				INFOPLIST_KEY_UILaunchStoryboardName = LaunchScreen;
				INFOPLIST_KEY_UIMainStoryboardFile = Main;
				INFOPLIST_KEY_UISupportedInterfaceOrientations_iPad = "UIInterfaceOrientationPortrait UIInterfaceOrientationPortraitUpsideDown UIInterfaceOrientationLandscapeLeft UIInterfaceOrientationLandscapeRight";
				INFOPLIST_KEY_UISupportedInterfaceOrientations_iPhone = "UIInterfaceOrientationPortrait UIInterfaceOrientationLandscapeLeft UIInterfaceOrientationLandscapeRight";
				LD_RUNPATH_SEARCH_PATHS = (
					"$(inherited)",
					"@executable_path/Frameworks",
				);
				MARKETING_VERSION = 1.0;
				PRODUCT_BUNDLE_IDENTIFIER = "com.example.CD-Practice";
				PRODUCT_NAME = "$(TARGET_NAME)";
				SWIFT_EMIT_LOC_STRINGS = YES;
				SWIFT_VERSION = 5.0;
				TARGETED_DEVICE_FAMILY = "1,2";
			};
			name = Release;
		};
/* End XCBuildConfiguration section */

/* Begin XCConfigurationList section */
		845891962CEDAC7E00D5B951 /* Build configuration list for PBXProject "CD_Practice" */ = {
			isa = XCConfigurationList;
			buildConfigurations = (
				845891B02CEDAC8200D5B951 /* Debug */,
				845891B12CEDAC8200D5B951 /* Release */,
			);
			defaultConfigurationIsVisible = 0;
			defaultConfigurationName = Release;
		};
		845891B22CEDAC8200D5B951 /* Build configuration list for PBXNativeTarget "CD_Practice" */ = {
			isa = XCConfigurationList;
			buildConfigurations = (
				845891B32CEDAC8200D5B951 /* Debug */,
				845891B42CEDAC8200D5B951 /* Release */,
			);
			defaultConfigurationIsVisible = 0;
			defaultConfigurationName = Release;
		};
/* End XCConfigurationList section */

/* Begin XCVersionGroup section */
		845891A72CEDAC7E00D5B951 /* CD_Practice.xcdatamodeld */ = {
			isa = XCVersionGroup;
			children = (
				845891A82CEDAC7E00D5B951 /* CD_Practice.xcdatamodel */,
			);
			currentVersion = 845891A82CEDAC7E00D5B951 /* CD_Practice.xcdatamodel */;
			path = CD_Practice.xcdatamodeld;
			sourceTree = "<group>";
			versionGroupType = wrapper.xcdatamodel;
		};
/* End XCVersionGroup section */
	};
	rootObject = 845891932CEDAC7E00D5B951 /* Project object */;
}
